// !$*UTF8*$!
{
	archiveVersion = 1;
	classes = {
	};
	objectVersion = 50;
	objects = {

/* Begin PBXBuildFile section */
		040765B822AE95D6007EFF56 /* AppDelegate.swift in Sources */ = {isa = PBXBuildFile; fileRef = 040765B722AE95D6007EFF56 /* AppDelegate.swift */; };
		040765BA22AE95D6007EFF56 /* ViewController.swift in Sources */ = {isa = PBXBuildFile; fileRef = 040765B922AE95D6007EFF56 /* ViewController.swift */; };
		040765BD22AE95D6007EFF56 /* Main.storyboard in Resources */ = {isa = PBXBuildFile; fileRef = 040765BB22AE95D6007EFF56 /* Main.storyboard */; };
		040765BF22AE95D7007EFF56 /* Assets.xcassets in Resources */ = {isa = PBXBuildFile; fileRef = 040765BE22AE95D7007EFF56 /* Assets.xcassets */; };
		040765C222AE95D7007EFF56 /* LaunchScreen.storyboard in Resources */ = {isa = PBXBuildFile; fileRef = 040765C022AE95D7007EFF56 /* LaunchScreen.storyboard */; };
		040765CD22AE95D7007EFF56 /* sliderTests.swift in Sources */ = {isa = PBXBuildFile; fileRef = 040765CC22AE95D7007EFF56 /* sliderTests.swift */; };
		040765D822AE95D7007EFF56 /* sliderUITests.swift in Sources */ = {isa = PBXBuildFile; fileRef = 040765D722AE95D7007EFF56 /* sliderUITests.swift */; };
/* End PBXBuildFile section */

/* Begin PBXContainerItemProxy section */
		040765C922AE95D7007EFF56 /* PBXContainerItemProxy */ = {
			isa = PBXContainerItemProxy;
			containerPortal = 040765AC22AE95D6007EFF56 /* Project object */;
			proxyType = 1;
			remoteGlobalIDString = 040765B322AE95D6007EFF56;
			remoteInfo = slider;
		};
		040765D422AE95D7007EFF56 /* PBXContainerItemProxy */ = {
			isa = PBXContainerItemProxy;
			containerPortal = 040765AC22AE95D6007EFF56 /* Project object */;
			proxyType = 1;
			remoteGlobalIDString = 040765B322AE95D6007EFF56;
			remoteInfo = slider;
		};
/* End PBXContainerItemProxy section */

/* Begin PBXFileReference section */
		040765B422AE95D6007EFF56 /* slider.app */ = {isa = PBXFileReference; explicitFileType = wrapper.application; includeInIndex = 0; path = slider.app; sourceTree = BUILT_PRODUCTS_DIR; };
		040765B722AE95D6007EFF56 /* AppDelegate.swift */ = {isa = PBXFileReference; lastKnownFileType = sourcecode.swift; path = AppDelegate.swift; sourceTree = "<group>"; };
		040765B922AE95D6007EFF56 /* ViewController.swift */ = {isa = PBXFileReference; lastKnownFileType = sourcecode.swift; path = ViewController.swift; sourceTree = "<group>"; };
		040765BC22AE95D6007EFF56 /* Base */ = {isa = PBXFileReference; lastKnownFileType = file.storyboard; name = Base; path = Base.lproj/Main.storyboard; sourceTree = "<group>"; };
		040765BE22AE95D7007EFF56 /* Assets.xcassets */ = {isa = PBXFileReference; lastKnownFileType = folder.assetcatalog; path = Assets.xcassets; sourceTree = "<group>"; };
		040765C122AE95D7007EFF56 /* Base */ = {isa = PBXFileReference; lastKnownFileType = file.storyboard; name = Base; path = Base.lproj/LaunchScreen.storyboard; sourceTree = "<group>"; };
		040765C322AE95D7007EFF56 /* Info.plist */ = {isa = PBXFileReference; lastKnownFileType = text.plist.xml; path = Info.plist; sourceTree = "<group>"; };
		040765C822AE95D7007EFF56 /* sliderTests.xctest */ = {isa = PBXFileReference; explicitFileType = wrapper.cfbundle; includeInIndex = 0; path = sliderTests.xctest; sourceTree = BUILT_PRODUCTS_DIR; };
		040765CC22AE95D7007EFF56 /* sliderTests.swift */ = {isa = PBXFileReference; lastKnownFileType = sourcecode.swift; path = sliderTests.swift; sourceTree = "<group>"; };
		040765CE22AE95D7007EFF56 /* Info.plist */ = {isa = PBXFileReference; lastKnownFileType = text.plist.xml; path = Info.plist; sourceTree = "<group>"; };
		040765D322AE95D7007EFF56 /* sliderUITests.xctest */ = {isa = PBXFileReference; explicitFileType = wrapper.cfbundle; includeInIndex = 0; path = sliderUITests.xctest; sourceTree = BUILT_PRODUCTS_DIR; };
		040765D722AE95D7007EFF56 /* sliderUITests.swift */ = {isa = PBXFileReference; lastKnownFileType = sourcecode.swift; path = sliderUITests.swift; sourceTree = "<group>"; };
		040765D922AE95D7007EFF56 /* Info.plist */ = {isa = PBXFileReference; lastKnownFileType = text.plist.xml; path = Info.plist; sourceTree = "<group>"; };
/* End PBXFileReference section */

/* Begin PBXFrameworksBuildPhase section */
		040765B122AE95D6007EFF56 /* Frameworks */ = {
			isa = PBXFrameworksBuildPhase;
			buildActionMask = 2147483647;
			files = (
			);
			runOnlyForDeploymentPostprocessing = 0;
		};
		040765C522AE95D7007EFF56 /* Frameworks */ = {
			isa = PBXFrameworksBuildPhase;
			buildActionMask = 2147483647;
			files = (
			);
			runOnlyForDeploymentPostprocessing = 0;
		};
		040765D022AE95D7007EFF56 /* Frameworks */ = {
			isa = PBXFrameworksBuildPhase;
			buildActionMask = 2147483647;
			files = (
			);
			runOnlyForDeploymentPostprocessing = 0;
		};
/* End PBXFrameworksBuildPhase section */

/* Begin PBXGroup section */
		040765AB22AE95D6007EFF56 = {
			isa = PBXGroup;
			children = (
				040765B622AE95D6007EFF56 /* slider */,
				040765CB22AE95D7007EFF56 /* sliderTests */,
				040765D622AE95D7007EFF56 /* sliderUITests */,
				040765B522AE95D6007EFF56 /* Products */,
			);
			sourceTree = "<group>";
		};
		040765B522AE95D6007EFF56 /* Products */ = {
			isa = PBXGroup;
			children = (
				040765B422AE95D6007EFF56 /* slider.app */,
				040765C822AE95D7007EFF56 /* sliderTests.xctest */,
				040765D322AE95D7007EFF56 /* sliderUITests.xctest */,
			);
			name = Products;
			sourceTree = "<group>";
		};
		040765B622AE95D6007EFF56 /* slider */ = {
			isa = PBXGroup;
			children = (
				040765B722AE95D6007EFF56 /* AppDelegate.swift */,
				040765B922AE95D6007EFF56 /* ViewController.swift */,
				040765BB22AE95D6007EFF56 /* Main.storyboard */,
				040765BE22AE95D7007EFF56 /* Assets.xcassets */,
				040765C022AE95D7007EFF56 /* LaunchScreen.storyboard */,
				040765C322AE95D7007EFF56 /* Info.plist */,
			);
			path = slider;
			sourceTree = "<group>";
		};
		040765CB22AE95D7007EFF56 /* sliderTests */ = {
			isa = PBXGroup;
			children = (
				040765CC22AE95D7007EFF56 /* sliderTests.swift */,
				040765CE22AE95D7007EFF56 /* Info.plist */,
			);
			path = sliderTests;
			sourceTree = "<group>";
		};
		040765D622AE95D7007EFF56 /* sliderUITests */ = {
			isa = PBXGroup;
			children = (
				040765D722AE95D7007EFF56 /* sliderUITests.swift */,
				040765D922AE95D7007EFF56 /* Info.plist */,
			);
			path = sliderUITests;
			sourceTree = "<group>";
		};
/* End PBXGroup section */

/* Begin PBXNativeTarget section */
		040765B322AE95D6007EFF56 /* slider */ = {
			isa = PBXNativeTarget;
			buildConfigurationList = 040765DC22AE95D7007EFF56 /* Build configuration list for PBXNativeTarget "slider" */;
			buildPhases = (
				040765B022AE95D6007EFF56 /* Sources */,
				040765B122AE95D6007EFF56 /* Frameworks */,
				040765B222AE95D6007EFF56 /* Resources */,
			);
			buildRules = (
			);
			dependencies = (
			);
			name = slider;
			productName = slider;
			productReference = 040765B422AE95D6007EFF56 /* slider.app */;
			productType = "com.apple.product-type.application";
		};
		040765C722AE95D7007EFF56 /* sliderTests */ = {
			isa = PBXNativeTarget;
			buildConfigurationList = 040765DF22AE95D7007EFF56 /* Build configuration list for PBXNativeTarget "sliderTests" */;
			buildPhases = (
				040765C422AE95D7007EFF56 /* Sources */,
				040765C522AE95D7007EFF56 /* Frameworks */,
				040765C622AE95D7007EFF56 /* Resources */,
			);
			buildRules = (
			);
			dependencies = (
				040765CA22AE95D7007EFF56 /* PBXTargetDependency */,
			);
			name = sliderTests;
			productName = sliderTests;
			productReference = 040765C822AE95D7007EFF56 /* sliderTests.xctest */;
			productType = "com.apple.product-type.bundle.unit-test";
		};
		040765D222AE95D7007EFF56 /* sliderUITests */ = {
			isa = PBXNativeTarget;
			buildConfigurationList = 040765E222AE95D7007EFF56 /* Build configuration list for PBXNativeTarget "sliderUITests" */;
			buildPhases = (
				040765CF22AE95D7007EFF56 /* Sources */,
				040765D022AE95D7007EFF56 /* Frameworks */,
				040765D122AE95D7007EFF56 /* Resources */,
			);
			buildRules = (
			);
			dependencies = (
				040765D522AE95D7007EFF56 /* PBXTargetDependency */,
			);
			name = sliderUITests;
			productName = sliderUITests;
			productReference = 040765D322AE95D7007EFF56 /* sliderUITests.xctest */;
			productType = "com.apple.product-type.bundle.ui-testing";
		};
/* End PBXNativeTarget section */

/* Begin PBXProject section */
		040765AC22AE95D6007EFF56 /* Project object */ = {
			isa = PBXProject;
			attributes = {
				LastSwiftUpdateCheck = 0930;
				LastUpgradeCheck = 0930;
				ORGANIZATIONNAME = gammastack;
				TargetAttributes = {
					040765B322AE95D6007EFF56 = {
						CreatedOnToolsVersion = 9.3;
					};
					040765C722AE95D7007EFF56 = {
						CreatedOnToolsVersion = 9.3;
						TestTargetID = 040765B322AE95D6007EFF56;
					};
					040765D222AE95D7007EFF56 = {
						CreatedOnToolsVersion = 9.3;
						TestTargetID = 040765B322AE95D6007EFF56;
					};
				};
			};
			buildConfigurationList = 040765AF22AE95D6007EFF56 /* Build configuration list for PBXProject "slider" */;
			compatibilityVersion = "Xcode 9.3";
			developmentRegion = en;
			hasScannedForEncodings = 0;
			knownRegions = (
				en,
				Base,
			);
			mainGroup = 040765AB22AE95D6007EFF56;
			productRefGroup = 040765B522AE95D6007EFF56 /* Products */;
			projectDirPath = "";
			projectRoot = "";
			targets = (
				040765B322AE95D6007EFF56 /* slider */,
				040765C722AE95D7007EFF56 /* sliderTests */,
				040765D222AE95D7007EFF56 /* sliderUITests */,
			);
		};
/* End PBXProject section */

/* Begin PBXResourcesBuildPhase section */
		040765B222AE95D6007EFF56 /* Resources */ = {
			isa = PBXResourcesBuildPhase;
			buildActionMask = 2147483647;
			files = (
				040765C222AE95D7007EFF56 /* LaunchScreen.storyboard in Resources */,
				040765BF22AE95D7007EFF56 /* Assets.xcassets in Resources */,
				040765BD22AE95D6007EFF56 /* Main.storyboard in Resources */,
			);
			runOnlyForDeploymentPostprocessing = 0;
		};
		040765C622AE95D7007EFF56 /* Resources */ = {
			isa = PBXResourcesBuildPhase;
			buildActionMask = 2147483647;
			files = (
			);
			runOnlyForDeploymentPostprocessing = 0;
		};
		040765D122AE95D7007EFF56 /* Resources */ = {
			isa = PBXResourcesBuildPhase;
			buildActionMask = 2147483647;
			files = (
			);
			runOnlyForDeploymentPostprocessing = 0;
		};
/* End PBXResourcesBuildPhase section */

/* Begin PBXSourcesBuildPhase section */
		040765B022AE95D6007EFF56 /* Sources */ = {
			isa = PBXSourcesBuildPhase;
			buildActionMask = 2147483647;
			files = (
				040765BA22AE95D6007EFF56 /* ViewController.swift in Sources */,
				040765B822AE95D6007EFF56 /* AppDelegate.swift in Sources */,
			);
			runOnlyForDeploymentPostprocessing = 0;
		};
		040765C422AE95D7007EFF56 /* Sources */ = {
			isa = PBXSourcesBuildPhase;
			buildActionMask = 2147483647;
			files = (
				040765CD22AE95D7007EFF56 /* sliderTests.swift in Sources */,
			);
			runOnlyForDeploymentPostprocessing = 0;
		};
		040765CF22AE95D7007EFF56 /* Sources */ = {
			isa = PBXSourcesBuildPhase;
			buildActionMask = 2147483647;
			files = (
				040765D822AE95D7007EFF56 /* sliderUITests.swift in Sources */,
			);
			runOnlyForDeploymentPostprocessing = 0;
		};
/* End PBXSourcesBuildPhase section */

/* Begin PBXTargetDependency section */
		040765CA22AE95D7007EFF56 /* PBXTargetDependency */ = {
			isa = PBXTargetDependency;
			target = 040765B322AE95D6007EFF56 /* slider */;
			targetProxy = 040765C922AE95D7007EFF56 /* PBXContainerItemProxy */;
		};
		040765D522AE95D7007EFF56 /* PBXTargetDependency */ = {
			isa = PBXTargetDependency;
			target = 040765B322AE95D6007EFF56 /* slider */;
			targetProxy = 040765D422AE95D7007EFF56 /* PBXContainerItemProxy */;
		};
/* End PBXTargetDependency section */

/* Begin PBXVariantGroup section */
		040765BB22AE95D6007EFF56 /* Main.storyboard */ = {
			isa = PBXVariantGroup;
			children = (
				040765BC22AE95D6007EFF56 /* Base */,
			);
			name = Main.storyboard;
			sourceTree = "<group>";
		};
		040765C022AE95D7007EFF56 /* LaunchScreen.storyboard */ = {
			isa = PBXVariantGroup;
			children = (
				040765C122AE95D7007EFF56 /* Base */,
			);
			name = LaunchScreen.storyboard;
			sourceTree = "<group>";
		};
/* End PBXVariantGroup section */

/* Begin XCBuildConfiguration section */
		040765DA22AE95D7007EFF56 /* Debug */ = {
			isa = XCBuildConfiguration;
			buildSettings = {
				ALWAYS_SEARCH_USER_PATHS = NO;
				CLANG_ANALYZER_NONNULL = YES;
				CLANG_ANALYZER_NUMBER_OBJECT_CONVERSION = YES_AGGRESSIVE;
				CLANG_CXX_LANGUAGE_STANDARD = "gnu++14";
				CLANG_CXX_LIBRARY = "libc++";
				CLANG_ENABLE_MODULES = YES;
				CLANG_ENABLE_OBJC_ARC = YES;
				CLANG_ENABLE_OBJC_WEAK = YES;
				CLANG_WARN_BLOCK_CAPTURE_AUTORELEASING = YES;
				CLANG_WARN_BOOL_CONVERSION = YES;
				CLANG_WARN_COMMA = YES;
				CLANG_WARN_CONSTANT_CONVERSION = YES;
				CLANG_WARN_DEPRECATED_OBJC_IMPLEMENTATIONS = YES;
				CLANG_WARN_DIRECT_OBJC_ISA_USAGE = YES_ERROR;
				CLANG_WARN_DOCUMENTATION_COMMENTS = YES;
				CLANG_WARN_EMPTY_BODY = YES;
				CLANG_WARN_ENUM_CONVERSION = YES;
				CLANG_WARN_INFINITE_RECURSION = YES;
				CLANG_WARN_INT_CONVERSION = YES;
				CLANG_WARN_NON_LITERAL_NULL_CONVERSION = YES;
				CLANG_WARN_OBJC_IMPLICIT_RETAIN_SELF = YES;
				CLANG_WARN_OBJC_LITERAL_CONVERSION = YES;
				CLANG_WARN_OBJC_ROOT_CLASS = YES_ERROR;
				CLANG_WARN_RANGE_LOOP_ANALYSIS = YES;
				CLANG_WARN_STRICT_PROTOTYPES = YES;
				CLANG_WARN_SUSPICIOUS_MOVE = YES;
				CLANG_WARN_UNGUARDED_AVAILABILITY = YES_AGGRESSIVE;
				CLANG_WARN_UNREACHABLE_CODE = YES;
				CLANG_WARN__DUPLICATE_METHOD_MATCH = YES;
				CODE_SIGN_IDENTITY = "iPhone Developer";
				COPY_PHASE_STRIP = NO;
				DEBUG_INFORMATION_FORMAT = dwarf;
				ENABLE_STRICT_OBJC_MSGSEND = YES;
				ENABLE_TESTABILITY = YES;
				GCC_C_LANGUAGE_STANDARD = gnu11;
				GCC_DYNAMIC_NO_PIC = NO;
				GCC_NO_COMMON_BLOCKS = YES;
				GCC_OPTIMIZATION_LEVEL = 0;
				GCC_PREPROCESSOR_DEFINITIONS = (
					"DEBUG=1",
					"$(inherited)",
				);
				GCC_WARN_64_TO_32_BIT_CONVERSION = YES;
				GCC_WARN_ABOUT_RETURN_TYPE = YES_ERROR;
				GCC_WARN_UNDECLARED_SELECTOR = YES;
				GCC_WARN_UNINITIALIZED_AUTOS = YES_AGGRESSIVE;
				GCC_WARN_UNUSED_FUNCTION = YES;
				GCC_WARN_UNUSED_VARIABLE = YES;
				IPHONEOS_DEPLOYMENT_TARGET = 11.3;
				MTL_ENABLE_DEBUG_INFO = YES;
				ONLY_ACTIVE_ARCH = YES;
				SDKROOT = iphoneos;
				SWIFT_ACTIVE_COMPILATION_CONDITIONS = DEBUG;
				SWIFT_OPTIMIZATION_LEVEL = "-Onone";
			};
			name = Debug;
		};
		040765DB22AE95D7007EFF56 /* Release */ = {
			isa = XCBuildConfiguration;
			buildSettings = {
				ALWAYS_SEARCH_USER_PATHS = NO;
				CLANG_ANALYZER_NONNULL = YES;
				CLANG_ANALYZER_NUMBER_OBJECT_CONVERSION = YES_AGGRESSIVE;
				CLANG_CXX_LANGUAGE_STANDARD = "gnu++14";
				CLANG_CXX_LIBRARY = "libc++";
				CLANG_ENABLE_MODULES = YES;
				CLANG_ENABLE_OBJC_ARC = YES;
				CLANG_ENABLE_OBJC_WEAK = YES;
				CLANG_WARN_BLOCK_CAPTURE_AUTORELEASING = YES;
				CLANG_WARN_BOOL_CONVERSION = YES;
				CLANG_WARN_COMMA = YES;
				CLANG_WARN_CONSTANT_CONVERSION = YES;
				CLANG_WARN_DEPRECATED_OBJC_IMPLEMENTATIONS = YES;
				CLANG_WARN_DIRECT_OBJC_ISA_USAGE = YES_ERROR;
				CLANG_WARN_DOCUMENTATION_COMMENTS = YES;
				CLANG_WARN_EMPTY_BODY = YES;
				CLANG_WARN_ENUM_CONVERSION = YES;
				CLANG_WARN_INFINITE_RECURSION = YES;
				CLANG_WARN_INT_CONVERSION = YES;
				CLANG_WARN_NON_LITERAL_NULL_CONVERSION = YES;
				CLANG_WARN_OBJC_IMPLICIT_RETAIN_SELF = YES;
				CLANG_WARN_OBJC_LITERAL_CONVERSION = YES;
				CLANG_WARN_OBJC_ROOT_CLASS = YES_ERROR;
				CLANG_WARN_RANGE_LOOP_ANALYSIS = YES;
				CLANG_WARN_STRICT_PROTOTYPES = YES;
				CLANG_WARN_SUSPICIOUS_MOVE = YES;
				CLANG_WARN_UNGUARDED_AVAILABILITY = YES_AGGRESSIVE;
				CLANG_WARN_UNREACHABLE_CODE = YES;
				CLANG_WARN__DUPLICATE_METHOD_MATCH = YES;
				CODE_SIGN_IDENTITY = "iPhone Developer";
				COPY_PHASE_STRIP = NO;
				DEBUG_INFORMATION_FORMAT = "dwarf-with-dsym";
				ENABLE_NS_ASSERTIONS = NO;
				ENABLE_STRICT_OBJC_MSGSEND = YES;
				GCC_C_LANGUAGE_STANDARD = gnu11;
				GCC_NO_COMMON_BLOCKS = YES;
				GCC_WARN_64_TO_32_BIT_CONVERSION = YES;
				GCC_WARN_ABOUT_RETURN_TYPE = YES_ERROR;
				GCC_WARN_UNDECLARED_SELECTOR = YES;
				GCC_WARN_UNINITIALIZED_AUTOS = YES_AGGRESSIVE;
				GCC_WARN_UNUSED_FUNCTION = YES;
				GCC_WARN_UNUSED_VARIABLE = YES;
				IPHONEOS_DEPLOYMENT_TARGET = 11.3;
				MTL_ENABLE_DEBUG_INFO = NO;
				SDKROOT = iphoneos;
				SWIFT_COMPILATION_MODE = wholemodule;
				SWIFT_OPTIMIZATION_LEVEL = "-O";
				VALIDATE_PRODUCT = YES;
			};
			name = Release;
		};
		040765DD22AE95D7007EFF56 /* Debug */ = {
			isa = XCBuildConfiguration;
			buildSettings = {
				ASSETCATALOG_COMPILER_APPICON_NAME = AppIcon;
				CODE_SIGN_STYLE = Automatic;
				INFOPLIST_FILE = slider/Info.plist;
				LD_RUNPATH_SEARCH_PATHS = (
					"$(inherited)",
					"@executable_path/Frameworks",
				);
				PRODUCT_BUNDLE_IDENTIFIER = ssj.slider;
				PRODUCT_NAME = "$(TARGET_NAME)";
				SWIFT_VERSION = 4.0;
				TARGETED_DEVICE_FAMILY = "1,2";
			};
			name = Debug;
		};
		040765DE22AE95D7007EFF56 /* Release */ = {
			isa = XCBuildConfiguration;
			buildSettings = {
				ASSETCATALOG_COMPILER_APPICON_NAME = AppIcon;
				CODE_SIGN_STYLE = Automatic;
				INFOPLIST_FILE = slider/Info.plist;
				LD_RUNPATH_SEARCH_PATHS = (
					"$(inherited)",
					"@executable_path/Frameworks",
				);
				PRODUCT_BUNDLE_IDENTIFIER = ssj.slider;
				PRODUCT_NAME = "$(TARGET_NAME)";
				SWIFT_VERSION = 4.0;
				TARGETED_DEVICE_FAMILY = "1,2";
			};
			name = Release;
		};
		040765E022AE95D7007EFF56 /* Debug */ = {
			isa = XCBuildConfiguration;
			buildSettings = {
				ALWAYS_EMBED_SWIFT_STANDARD_LIBRARIES = YES;
				BUNDLE_LOADER = "$(TEST_HOST)";
				CODE_SIGN_STYLE = Automatic;
				INFOPLIST_FILE = sliderTests/Info.plist;
				LD_RUNPATH_SEARCH_PATHS = (
					"$(inherited)",
					"@executable_path/Frameworks",
					"@loader_path/Frameworks",
				);
				PRODUCT_BUNDLE_IDENTIFIER = ssj.sliderTests;
				PRODUCT_NAME = "$(TARGET_NAME)";
				SWIFT_VERSION = 4.0;
				TARGETED_DEVICE_FAMILY = "1,2";
				TEST_HOST = "$(BUILT_PRODUCTS_DIR)/slider.app/slider";
			};
			name = Debug;
		};
		040765E122AE95D7007EFF56 /* Release */ = {
			isa = XCBuildConfiguration;
			buildSettings = {
				ALWAYS_EMBED_SWIFT_STANDARD_LIBRARIES = YES;
				BUNDLE_LOADER = "$(TEST_HOST)";
				CODE_SIGN_STYLE = Automatic;
				INFOPLIST_FILE = sliderTests/Info.plist;
				LD_RUNPATH_SEARCH_PATHS = (
					"$(inherited)",
					"@executable_path/Frameworks",
					"@loader_path/Frameworks",
				);
				PRODUCT_BUNDLE_IDENTIFIER = ssj.sliderTests;
				PRODUCT_NAME = "$(TARGET_NAME)";
				SWIFT_VERSION = 4.0;
				TARGETED_DEVICE_FAMILY = "1,2";
				TEST_HOST = "$(BUILT_PRODUCTS_DIR)/slider.app/slider";
			};
			name = Release;
		};
		040765E322AE95D7007EFF56 /* Debug */ = {
			isa = XCBuildConfiguration;
			buildSettings = {
				ALWAYS_EMBED_SWIFT_STANDARD_LIBRARIES = YES;
				CODE_SIGN_STYLE = Automatic;
				INFOPLIST_FILE = sliderUITests/Info.plist;
				LD_RUNPATH_SEARCH_PATHS = (
					"$(inherited)",
					"@executable_path/Frameworks",
					"@loader_path/Frameworks",
				);
				PRODUCT_BUNDLE_IDENTIFIER = ssj.sliderUITests;
				PRODUCT_NAME = "$(TARGET_NAME)";
				SWIFT_VERSION = 4.0;
				TARGETED_DEVICE_FAMILY = "1,2";
				TEST_TARGET_NAME = slider;
			};
			name = Debug;
		};
		040765E422AE95D7007EFF56 /* Release */ = {
			isa = XCBuildConfiguration;
			buildSettings = {
				ALWAYS_EMBED_SWIFT_STANDARD_LIBRARIES = YES;
				CODE_SIGN_STYLE = Automatic;
				INFOPLIST_FILE = sliderUITests/Info.plist;
				LD_RUNPATH_SEARCH_PATHS = (
					"$(inherited)",
					"@executable_path/Frameworks",
					"@loader_path/Frameworks",
				);
				PRODUCT_BUNDLE_IDENTIFIER = ssj.sliderUITests;
				PRODUCT_NAME = "$(TARGET_NAME)";
				SWIFT_VERSION = 4.0;
				TARGETED_DEVICE_FAMILY = "1,2";
				TEST_TARGET_NAME = slider;
			};
			name = Release;
		};
/* End XCBuildConfiguration section */

/* Begin XCConfigurationList section */
		040765AF22AE95D6007EFF56 /* Build configuration list for PBXProject "slider" */ = {
			isa = XCConfigurationList;
			buildConfigurations = (
				040765DA22AE95D7007EFF56 /* Debug */,
				040765DB22AE95D7007EFF56 /* Release */,
			);
			defaultConfigurationIsVisible = 0;
			defaultConfigurationName = Release;
		};
		040765DC22AE95D7007EFF56 /* Build configuration list for PBXNativeTarget "slider" */ = {
			isa = XCConfigurationList;
			buildConfigurations = (
				040765DD22AE95D7007EFF56 /* Debug */,
				040765DE22AE95D7007EFF56 /* Release */,
			);
			defaultConfigurationIsVisible = 0;
			defaultConfigurationName = Release;
		};
		040765DF22AE95D7007EFF56 /* Build configuration list for PBXNativeTarget "sliderTests" */ = {
			isa = XCConfigurationList;
			buildConfigurations = (
				040765E022AE95D7007EFF56 /* Debug */,
				040765E122AE95D7007EFF56 /* Release */,
			);
			defaultConfigurationIsVisible = 0;
			defaultConfigurationName = Release;
		};
		040765E222AE95D7007EFF56 /* Build configuration list for PBXNativeTarget "sliderUITests" */ = {
			isa = XCConfigurationList;
			buildConfigurations = (
				040765E322AE95D7007EFF56 /* Debug */,
				040765E422AE95D7007EFF56 /* Release */,
			);
			defaultConfigurationIsVisible = 0;
			defaultConfigurationName = Release;
		};
/* End XCConfigurationList section */
	};
	rootObject = 040765AC22AE95D6007EFF56 /* Project object */;
}
